// !$*UTF8*$!
{
	archiveVersion = 1;
	classes = {
	};
	objectVersion = 46;
	objects = {

/* Begin PBXGroup section */
		88A5A03914CDE71300F4AFFE = {
			isa = PBXGroup;
			children = (
			);
			sourceTree = "<group>";
		};
/* End PBXGroup section */

/* Begin PBXProject section */
		88A5A03B14CDE71300F4AFFE /* Project object */ = {
			isa = PBXProject;
			attributes = {
				LastUpgradeCheck = 0420;
			};
			buildConfigurationList = 88A5A03E14CDE71300F4AFFE /* Build configuration list for PBXProject "gauntlet" */;
			compatibilityVersion = "Xcode 3.2";
			developmentRegion = English;
			hasScannedForEncodings = 0;
			knownRegions = (
				en,
			);
			mainGroup = 88A5A03914CDE71300F4AFFE;
			projectDirPath = "";
			projectRoot = "";
			targets = (
			);
		};
/* End PBXProject section */

/* Begin XCBuildConfiguration section */
		88A5A04014CDE71300F4AFFE /* Debug */ = {
			isa = XCBuildConfiguration;
			buildSettings = {
			};
			name = Debug;
		};
		88A5A04114CDE71300F4AFFE /* Release */ = {
			isa = XCBuildConfiguration;
			buildSettings = {
			};
			name = Release;
		};
/* End XCBuildConfiguration section */

/* Begin XCConfigurationList section */
		88A5A03E14CDE71300F4AFFE /* Build configuration list for PBXProject "gauntlet" */ = {
			isa = XCConfigurationList;
			buildConfigurations = (
				88A5A04014CDE71300F4AFFE /* Debug */,
				88A5A04114CDE71300F4AFFE /* Release */,
			);
			defaultConfigurationIsVisible = 0;
			defaultConfigurationName = Release;
		};
/* End XCConfigurationList section */
	};
	rootObject = 88A5A03B14CDE71300F4AFFE /* Project object */;
}
