// !$*UTF8*$!
{
	archiveVersion = 1;
	classes = {
	};
	objectVersion = 46;
	objects = {

/* Begin PBXFileReference section */
		8815AE9014CDF83D00117962 /* README.md */ = {isa = PBXFileReference; lastKnownFileType = text; path = README.md; sourceTree = "<group>"; };
		8815AE9214CDF84700117962 /* LICENSE */ = {isa = PBXFileReference; lastKnownFileType = text; path = LICENSE; sourceTree = "<group>"; };
		88A5A04314CDE75C00F4AFFE /* config */ = {isa = PBXFileReference; lastKnownFileType = text; path = config; sourceTree = "<group>"; };
		88A5A04414CDE75C00F4AFFE /* gauntlet_main.c */ = {isa = PBXFileReference; lastKnownFileType = sourcecode.c.c; path = gauntlet_main.c; sourceTree = "<group>"; };
/* End PBXFileReference section */

/* Begin PBXGroup section */
		88A5A03914CDE71300F4AFFE = {
			isa = PBXGroup;
			children = (
				8815AE9214CDF84700117962 /* LICENSE */,
				8815AE9014CDF83D00117962 /* README.md */,
				88A5A04314CDE75C00F4AFFE /* config */,
				88A5A04414CDE75C00F4AFFE /* gauntlet_main.c */,
			);
			sourceTree = "<group>";
		};
/* End PBXGroup section */

/* Begin PBXProject section */
		88A5A03B14CDE71300F4AFFE /* Project object */ = {
			isa = PBXProject;
			attributes = {
				LastUpgradeCheck = 0420;
			};
			buildConfigurationList = 88A5A03E14CDE71300F4AFFE /* Build configuration list for PBXProject "gauntlet" */;
			compatibilityVersion = "Xcode 3.2";
			developmentRegion = English;
			hasScannedForEncodings = 0;
			knownRegions = (
				en,
			);
			mainGroup = 88A5A03914CDE71300F4AFFE;
			projectDirPath = "";
			projectRoot = "";
			targets = (
			);
		};
/* End PBXProject section */

/* Begin XCBuildConfiguration section */
		88A5A04014CDE71300F4AFFE /* Debug */ = {
			isa = XCBuildConfiguration;
			buildSettings = {
			};
			name = Debug;
		};
		88A5A04114CDE71300F4AFFE /* Release */ = {
			isa = XCBuildConfiguration;
			buildSettings = {
			};
			name = Release;
		};
/* End XCBuildConfiguration section */

/* Begin XCConfigurationList section */
		88A5A03E14CDE71300F4AFFE /* Build configuration list for PBXProject "gauntlet" */ = {
			isa = XCConfigurationList;
			buildConfigurations = (
				88A5A04014CDE71300F4AFFE /* Debug */,
				88A5A04114CDE71300F4AFFE /* Release */,
			);
			defaultConfigurationIsVisible = 0;
			defaultConfigurationName = Release;
		};
/* End XCConfigurationList section */
	};
	rootObject = 88A5A03B14CDE71300F4AFFE /* Project object */;
}
